
Microsoft Visual Studio Solution File, Format Version 12.00
# Visual Studio Version 17
VisualStudioVersion = 17.0.32112.339
MinimumVisualStudioVersion = 10.0.40219.1
Project("{9A19103F-16F7-4668-BE54-9A1E7A4F7556}") = "JobLesson03Part01", "JobLesson03Part01\JobLesson03Part01.csproj", "{490C3ADC-9435-4829-B03D-85A67FE3F2C5}"
EndProject
Project("{9A19103F-16F7-4668-BE54-9A1E7A4F7556}") = "JobLesson03Part02", "JobLesson03Part02\JobLesson03Part02.csproj", "{1D62BA83-0F7C-473C-B6C3-22DB9934CAD9}"
EndProject
Project("{9A19103F-16F7-4668-BE54-9A1E7A4F7556}") = "JobLesson03Part03", "JobLesson03Part03\JobLesson03Part03.csproj", "{8D0F6AF4-A170-4E24-80B3-38468F3937CA}"
EndProject
Project("{FAE04EC0-301F-11D3-BF4B-00C04F79EFBC}") = "JobLesson03Part04", "JobLesson03Part04\JobLesson03Part04.csproj", "{99EB852D-7E37-43AC-8B89-44982D346353}"
EndProject
Global
	GlobalSection(SolutionConfigurationPlatforms) = preSolution
		Debug|Any CPU = Debug|Any CPU
		Release|Any CPU = Release|Any CPU
	EndGlobalSection
	GlobalSection(ProjectConfigurationPlatforms) = postSolution
		{490C3ADC-9435-4829-B03D-85A67FE3F2C5}.Debug|Any CPU.ActiveCfg = Debug|Any CPU
		{490C3ADC-9435-4829-B03D-85A67FE3F2C5}.Debug|Any CPU.Build.0 = Debug|Any CPU
		{490C3ADC-9435-4829-B03D-85A67FE3F2C5}.Release|Any CPU.ActiveCfg = Release|Any CPU
		{490C3ADC-9435-4829-B03D-85A67FE3F2C5}.Release|Any CPU.Build.0 = Release|Any CPU
		{1D62BA83-0F7C-473C-B6C3-22DB9934CAD9}.Debug|Any CPU.ActiveCfg = Debug|Any CPU
		{1D62BA83-0F7C-473C-B6C3-22DB9934CAD9}.Debug|Any CPU.Build.0 = Debug|Any CPU
		{1D62BA83-0F7C-473C-B6C3-22DB9934CAD9}.Release|Any CPU.ActiveCfg = Release|Any CPU
		{1D62BA83-0F7C-473C-B6C3-22DB9934CAD9}.Release|Any CPU.Build.0 = Release|Any CPU
		{8D0F6AF4-A170-4E24-80B3-38468F3937CA}.Debug|Any CPU.ActiveCfg = Debug|Any CPU
		{8D0F6AF4-A170-4E24-80B3-38468F3937CA}.Debug|Any CPU.Build.0 = Debug|Any CPU
		{8D0F6AF4-A170-4E24-80B3-38468F3937CA}.Release|Any CPU.ActiveCfg = Release|Any CPU
		{8D0F6AF4-A170-4E24-80B3-38468F3937CA}.Release|Any CPU.Build.0 = Release|Any CPU
		{99EB852D-7E37-43AC-8B89-44982D346353}.Debug|Any CPU.ActiveCfg = Debug|Any CPU
		{99EB852D-7E37-43AC-8B89-44982D346353}.Debug|Any CPU.Build.0 = Debug|Any CPU
		{99EB852D-7E37-43AC-8B89-44982D346353}.Release|Any CPU.ActiveCfg = Release|Any CPU
		{99EB852D-7E37-43AC-8B89-44982D346353}.Release|Any CPU.Build.0 = Release|Any CPU
	EndGlobalSection
	GlobalSection(SolutionProperties) = preSolution
		HideSolutionNode = FALSE
	EndGlobalSection
	GlobalSection(ExtensibilityGlobals) = postSolution
		SolutionGuid = {A6698232-4F09-466B-97E6-7D1F37B88B21}
	EndGlobalSection
EndGlobal
